PODS:
  - Font-Awesome-Swift (1.8.1)

DEPENDENCIES:
  - Font-Awesome-Swift (from `https://github.com/perlguy99/Font-Awesome-Swift.git`, branch `Swift4.2`)

EXTERNAL SOURCES:
  Font-Awesome-Swift:
    :branch: Swift4.2
    :git: https://github.com/perlguy99/Font-Awesome-Swift.git

CHECKOUT OPTIONS:
  Font-Awesome-Swift:
    :commit: 01c5f1f7af5804fe9220b5543838e86215e506df
    :git: https://github.com/perlguy99/Font-Awesome-Swift.git

SPEC CHECKSUMS:
  Font-Awesome-Swift: 2c7e143fc4f851dcf98a6951650e35eedd9d7159

PODFILE CHECKSUM: 910ae099619197cc88b0e435129185713337fbbd

COCOAPODS: 1.5.3
